// !$*UTF8*$!
{
	archiveVersion = 1;
	classes = {
	};
	objectVersion = 56;
	objects = {

/* Begin PBXBuildFile section */
		8333B4AB2A21880400EC3071 /* AppDelegate.swift in Sources */ = {isa = PBXBuildFile; fileRef = 8333B4AA2A21880400EC3071 /* AppDelegate.swift */; };
		8333B4AD2A21880400EC3071 /* SceneDelegate.swift in Sources */ = {isa = PBXBuildFile; fileRef = 8333B4AC2A21880400EC3071 /* SceneDelegate.swift */; };
		8333B4B22A21880400EC3071 /* Main.storyboard in Resources */ = {isa = PBXBuildFile; fileRef = 8333B4B02A21880400EC3071 /* Main.storyboard */; };
		8333B4B42A21880700EC3071 /* Assets.xcassets in Resources */ = {isa = PBXBuildFile; fileRef = 8333B4B32A21880700EC3071 /* Assets.xcassets */; };
		8333B4B72A21880700EC3071 /* LaunchScreen.storyboard in Resources */ = {isa = PBXBuildFile; fileRef = 8333B4B52A21880700EC3071 /* LaunchScreen.storyboard */; };
		8333B4BF2A218C3F00EC3071 /* RecetasManager.swift in Sources */ = {isa = PBXBuildFile; fileRef = 8333B4BE2A218C3F00EC3071 /* RecetasManager.swift */; };
		8333B4C12A218DF600EC3071 /* RecetasCell.swift in Sources */ = {isa = PBXBuildFile; fileRef = 8333B4C02A218DF600EC3071 /* RecetasCell.swift */; };
		8333B4C62A21909600EC3071 /* RecetaTableViewController.swift in Sources */ = {isa = PBXBuildFile; fileRef = 8333B4C52A21909600EC3071 /* RecetaTableViewController.swift */; };
		8333B4C82A22DBD800EC3071 /* Receta.swift in Sources */ = {isa = PBXBuildFile; fileRef = 8333B4C72A22DBD800EC3071 /* Receta.swift */; };
		83A0AF7A2A22FFFD000C7CEC /* RecetaDetallesViewController.swift in Sources */ = {isa = PBXBuildFile; fileRef = 83A0AF792A22FFFD000C7CEC /* RecetaDetallesViewController.swift */; };
/* End PBXBuildFile section */

/* Begin PBXFileReference section */
		8333B4A72A21880400EC3071 /* IOS_TRabajo1.app */ = {isa = PBXFileReference; explicitFileType = wrapper.application; includeInIndex = 0; path = IOS_TRabajo1.app; sourceTree = BUILT_PRODUCTS_DIR; };
		8333B4AA2A21880400EC3071 /* AppDelegate.swift */ = {isa = PBXFileReference; lastKnownFileType = sourcecode.swift; path = AppDelegate.swift; sourceTree = "<group>"; };
		8333B4AC2A21880400EC3071 /* SceneDelegate.swift */ = {isa = PBXFileReference; lastKnownFileType = sourcecode.swift; path = SceneDelegate.swift; sourceTree = "<group>"; };
		8333B4B12A21880400EC3071 /* Base */ = {isa = PBXFileReference; lastKnownFileType = file.storyboard; name = Base; path = Base.lproj/Main.storyboard; sourceTree = "<group>"; };
		8333B4B32A21880700EC3071 /* Assets.xcassets */ = {isa = PBXFileReference; lastKnownFileType = folder.assetcatalog; path = Assets.xcassets; sourceTree = "<group>"; };
		8333B4B62A21880700EC3071 /* Base */ = {isa = PBXFileReference; lastKnownFileType = file.storyboard; name = Base; path = Base.lproj/LaunchScreen.storyboard; sourceTree = "<group>"; };
		8333B4B82A21880700EC3071 /* Info.plist */ = {isa = PBXFileReference; lastKnownFileType = text.plist.xml; path = Info.plist; sourceTree = "<group>"; };
		8333B4BE2A218C3F00EC3071 /* RecetasManager.swift */ = {isa = PBXFileReference; lastKnownFileType = sourcecode.swift; path = RecetasManager.swift; sourceTree = "<group>"; };
		8333B4C02A218DF600EC3071 /* RecetasCell.swift */ = {isa = PBXFileReference; lastKnownFileType = sourcecode.swift; path = RecetasCell.swift; sourceTree = "<group>"; };
		8333B4C52A21909600EC3071 /* RecetaTableViewController.swift */ = {isa = PBXFileReference; lastKnownFileType = sourcecode.swift; path = RecetaTableViewController.swift; sourceTree = "<group>"; };
		8333B4C72A22DBD800EC3071 /* Receta.swift */ = {isa = PBXFileReference; lastKnownFileType = sourcecode.swift; path = Receta.swift; sourceTree = "<group>"; };
		83A0AF792A22FFFD000C7CEC /* RecetaDetallesViewController.swift */ = {isa = PBXFileReference; lastKnownFileType = sourcecode.swift; path = RecetaDetallesViewController.swift; sourceTree = "<group>"; };
/* End PBXFileReference section */

/* Begin PBXFrameworksBuildPhase section */
		8333B4A42A21880400EC3071 /* Frameworks */ = {
			isa = PBXFrameworksBuildPhase;
			buildActionMask = 2147483647;
			files = (
			);
			runOnlyForDeploymentPostprocessing = 0;
		};
/* End PBXFrameworksBuildPhase section */

/* Begin PBXGroup section */
		8333B49E2A21880400EC3071 = {
			isa = PBXGroup;
			children = (
				8333B4A92A21880400EC3071 /* IOS_TRabajo1 */,
				8333B4A82A21880400EC3071 /* Products */,
			);
			sourceTree = "<group>";
		};
		8333B4A82A21880400EC3071 /* Products */ = {
			isa = PBXGroup;
			children = (
				8333B4A72A21880400EC3071 /* IOS_TRabajo1.app */,
			);
			name = Products;
			sourceTree = "<group>";
		};
		8333B4A92A21880400EC3071 /* IOS_TRabajo1 */ = {
			isa = PBXGroup;
			children = (
				8333B4AA2A21880400EC3071 /* AppDelegate.swift */,
				8333B4AC2A21880400EC3071 /* SceneDelegate.swift */,
				8333B4B32A21880700EC3071 /* Assets.xcassets */,
				8333B4B52A21880700EC3071 /* LaunchScreen.storyboard */,
				8333B4B82A21880700EC3071 /* Info.plist */,
				8333B4C22A218F8800EC3071 /* Model */,
				8333B4C32A218F9300EC3071 /* View */,
				8333B4C42A218F9E00EC3071 /* Controller */,
			);
			path = IOS_TRabajo1;
			sourceTree = "<group>";
		};
		8333B4C22A218F8800EC3071 /* Model */ = {
			isa = PBXGroup;
			children = (
				8333B4BE2A218C3F00EC3071 /* RecetasManager.swift */,
				8333B4C72A22DBD800EC3071 /* Receta.swift */,
			);
			path = Model;
			sourceTree = "<group>";
		};
		8333B4C32A218F9300EC3071 /* View */ = {
			isa = PBXGroup;
			children = (
				8333B4B02A21880400EC3071 /* Main.storyboard */,
			);
			path = View;
			sourceTree = "<group>";
		};
		8333B4C42A218F9E00EC3071 /* Controller */ = {
			isa = PBXGroup;
			children = (
				8333B4C52A21909600EC3071 /* RecetaTableViewController.swift */,
				8333B4C02A218DF600EC3071 /* RecetasCell.swift */,
				83A0AF792A22FFFD000C7CEC /* RecetaDetallesViewController.swift */,
			);
			path = Controller;
			sourceTree = "<group>";
		};
/* End PBXGroup section */

/* Begin PBXNativeTarget section */
		8333B4A62A21880400EC3071 /* IOS_TRabajo1 */ = {
			isa = PBXNativeTarget;
			buildConfigurationList = 8333B4BB2A21880700EC3071 /* Build configuration list for PBXNativeTarget "IOS_TRabajo1" */;
			buildPhases = (
				8333B4A32A21880400EC3071 /* Sources */,
				8333B4A42A21880400EC3071 /* Frameworks */,
				8333B4A52A21880400EC3071 /* Resources */,
			);
			buildRules = (
			);
			dependencies = (
			);
			name = IOS_TRabajo1;
			productName = IOS_TRabajo1;
			productReference = 8333B4A72A21880400EC3071 /* IOS_TRabajo1.app */;
			productType = "com.apple.product-type.application";
		};
/* End PBXNativeTarget section */

/* Begin PBXProject section */
		8333B49F2A21880400EC3071 /* Project object */ = {
			isa = PBXProject;
			attributes = {
				BuildIndependentTargetsInParallel = 1;
				LastSwiftUpdateCheck = 1420;
				LastUpgradeCheck = 1420;
				TargetAttributes = {
					8333B4A62A21880400EC3071 = {
						CreatedOnToolsVersion = 14.2;
					};
				};
			};
			buildConfigurationList = 8333B4A22A21880400EC3071 /* Build configuration list for PBXProject "IOS_TRabajo1" */;
			compatibilityVersion = "Xcode 14.0";
			developmentRegion = en;
			hasScannedForEncodings = 0;
			knownRegions = (
				en,
				Base,
			);
			mainGroup = 8333B49E2A21880400EC3071;
			productRefGroup = 8333B4A82A21880400EC3071 /* Products */;
			projectDirPath = "";
			projectRoot = "";
			targets = (
				8333B4A62A21880400EC3071 /* IOS_TRabajo1 */,
			);
		};
/* End PBXProject section */

/* Begin PBXResourcesBuildPhase section */
		8333B4A52A21880400EC3071 /* Resources */ = {
			isa = PBXResourcesBuildPhase;
			buildActionMask = 2147483647;
			files = (
				8333B4B72A21880700EC3071 /* LaunchScreen.storyboard in Resources */,
				8333B4B42A21880700EC3071 /* Assets.xcassets in Resources */,
				8333B4B22A21880400EC3071 /* Main.storyboard in Resources */,
			);
			runOnlyForDeploymentPostprocessing = 0;
		};
/* End PBXResourcesBuildPhase section */

/* Begin PBXSourcesBuildPhase section */
		8333B4A32A21880400EC3071 /* Sources */ = {
			isa = PBXSourcesBuildPhase;
			buildActionMask = 2147483647;
			files = (
				8333B4BF2A218C3F00EC3071 /* RecetasManager.swift in Sources */,
				8333B4AB2A21880400EC3071 /* AppDelegate.swift in Sources */,
				83A0AF7A2A22FFFD000C7CEC /* RecetaDetallesViewController.swift in Sources */,
				8333B4C62A21909600EC3071 /* RecetaTableViewController.swift in Sources */,
				8333B4C82A22DBD800EC3071 /* Receta.swift in Sources */,
				8333B4C12A218DF600EC3071 /* RecetasCell.swift in Sources */,
				8333B4AD2A21880400EC3071 /* SceneDelegate.swift in Sources */,
			);
			runOnlyForDeploymentPostprocessing = 0;
		};
/* End PBXSourcesBuildPhase section */

/* Begin PBXVariantGroup section */
		8333B4B02A21880400EC3071 /* Main.storyboard */ = {
			isa = PBXVariantGroup;
			children = (
				8333B4B12A21880400EC3071 /* Base */,
			);
			name = Main.storyboard;
			sourceTree = "<group>";
		};
		8333B4B52A21880700EC3071 /* LaunchScreen.storyboard */ = {
			isa = PBXVariantGroup;
			children = (
				8333B4B62A21880700EC3071 /* Base */,
			);
			name = LaunchScreen.storyboard;
			sourceTree = "<group>";
		};
/* End PBXVariantGroup section */

/* Begin XCBuildConfiguration section */
		8333B4B92A21880700EC3071 /* Debug */ = {
			isa = XCBuildConfiguration;
			buildSettings = {
				ALWAYS_SEARCH_USER_PATHS = NO;
				CLANG_ANALYZER_NONNULL = YES;
				CLANG_ANALYZER_NUMBER_OBJECT_CONVERSION = YES_AGGRESSIVE;
				CLANG_CXX_LANGUAGE_STANDARD = "gnu++20";
				CLANG_ENABLE_MODULES = YES;
				CLANG_ENABLE_OBJC_ARC = YES;
				CLANG_ENABLE_OBJC_WEAK = YES;
				CLANG_WARN_BLOCK_CAPTURE_AUTORELEASING = YES;
				CLANG_WARN_BOOL_CONVERSION = YES;
				CLANG_WARN_COMMA = YES;
				CLANG_WARN_CONSTANT_CONVERSION = YES;
				CLANG_WARN_DEPRECATED_OBJC_IMPLEMENTATIONS = YES;
				CLANG_WARN_DIRECT_OBJC_ISA_USAGE = YES_ERROR;
				CLANG_WARN_DOCUMENTATION_COMMENTS = YES;
				CLANG_WARN_EMPTY_BODY = YES;
				CLANG_WARN_ENUM_CONVERSION = YES;
				CLANG_WARN_INFINITE_RECURSION = YES;
				CLANG_WARN_INT_CONVERSION = YES;
				CLANG_WARN_NON_LITERAL_NULL_CONVERSION = YES;
				CLANG_WARN_OBJC_IMPLICIT_RETAIN_SELF = YES;
				CLANG_WARN_OBJC_LITERAL_CONVERSION = YES;
				CLANG_WARN_OBJC_ROOT_CLASS = YES_ERROR;
				CLANG_WARN_QUOTED_INCLUDE_IN_FRAMEWORK_HEADER = YES;
				CLANG_WARN_RANGE_LOOP_ANALYSIS = YES;
				CLANG_WARN_STRICT_PROTOTYPES = YES;
				CLANG_WARN_SUSPICIOUS_MOVE = YES;
				CLANG_WARN_UNGUARDED_AVAILABILITY = YES_AGGRESSIVE;
				CLANG_WARN_UNREACHABLE_CODE = YES;
				CLANG_WARN__DUPLICATE_METHOD_MATCH = YES;
				COPY_PHASE_STRIP = NO;
				DEBUG_INFORMATION_FORMAT = dwarf;
				ENABLE_STRICT_OBJC_MSGSEND = YES;
				ENABLE_TESTABILITY = YES;
				GCC_C_LANGUAGE_STANDARD = gnu11;
				GCC_DYNAMIC_NO_PIC = NO;
				GCC_NO_COMMON_BLOCKS = YES;
				GCC_OPTIMIZATION_LEVEL = 0;
				GCC_PREPROCESSOR_DEFINITIONS = (
					"DEBUG=1",
					"$(inherited)",
				);
				GCC_WARN_64_TO_32_BIT_CONVERSION = YES;
				GCC_WARN_ABOUT_RETURN_TYPE = YES_ERROR;
				GCC_WARN_UNDECLARED_SELECTOR = YES;
				GCC_WARN_UNINITIALIZED_AUTOS = YES_AGGRESSIVE;
				GCC_WARN_UNUSED_FUNCTION = YES;
				GCC_WARN_UNUSED_VARIABLE = YES;
				IPHONEOS_DEPLOYMENT_TARGET = 16.2;
				MTL_ENABLE_DEBUG_INFO = INCLUDE_SOURCE;
				MTL_FAST_MATH = YES;
				ONLY_ACTIVE_ARCH = YES;
				SDKROOT = iphoneos;
				SWIFT_ACTIVE_COMPILATION_CONDITIONS = DEBUG;
				SWIFT_OPTIMIZATION_LEVEL = "-Onone";
			};
			name = Debug;
		};
		8333B4BA2A21880700EC3071 /* Release */ = {
			isa = XCBuildConfiguration;
			buildSettings = {
				ALWAYS_SEARCH_USER_PATHS = NO;
				CLANG_ANALYZER_NONNULL = YES;
				CLANG_ANALYZER_NUMBER_OBJECT_CONVERSION = YES_AGGRESSIVE;
				CLANG_CXX_LANGUAGE_STANDARD = "gnu++20";
				CLANG_ENABLE_MODULES = YES;
				CLANG_ENABLE_OBJC_ARC = YES;
				CLANG_ENABLE_OBJC_WEAK = YES;
				CLANG_WARN_BLOCK_CAPTURE_AUTORELEASING = YES;
				CLANG_WARN_BOOL_CONVERSION = YES;
				CLANG_WARN_COMMA = YES;
				CLANG_WARN_CONSTANT_CONVERSION = YES;
				CLANG_WARN_DEPRECATED_OBJC_IMPLEMENTATIONS = YES;
				CLANG_WARN_DIRECT_OBJC_ISA_USAGE = YES_ERROR;
				CLANG_WARN_DOCUMENTATION_COMMENTS = YES;
				CLANG_WARN_EMPTY_BODY = YES;
				CLANG_WARN_ENUM_CONVERSION = YES;
				CLANG_WARN_INFINITE_RECURSION = YES;
				CLANG_WARN_INT_CONVERSION = YES;
				CLANG_WARN_NON_LITERAL_NULL_CONVERSION = YES;
				CLANG_WARN_OBJC_IMPLICIT_RETAIN_SELF = YES;
				CLANG_WARN_OBJC_LITERAL_CONVERSION = YES;
				CLANG_WARN_OBJC_ROOT_CLASS = YES_ERROR;
				CLANG_WARN_QUOTED_INCLUDE_IN_FRAMEWORK_HEADER = YES;
				CLANG_WARN_RANGE_LOOP_ANALYSIS = YES;
				CLANG_WARN_STRICT_PROTOTYPES = YES;
				CLANG_WARN_SUSPICIOUS_MOVE = YES;
				CLANG_WARN_UNGUARDED_AVAILABILITY = YES_AGGRESSIVE;
				CLANG_WARN_UNREACHABLE_CODE = YES;
				CLANG_WARN__DUPLICATE_METHOD_MATCH = YES;
				COPY_PHASE_STRIP = NO;
				DEBUG_INFORMATION_FORMAT = "dwarf-with-dsym";
				ENABLE_NS_ASSERTIONS = NO;
				ENABLE_STRICT_OBJC_MSGSEND = YES;
				GCC_C_LANGUAGE_STANDARD = gnu11;
				GCC_NO_COMMON_BLOCKS = YES;
				GCC_WARN_64_TO_32_BIT_CONVERSION = YES;
				GCC_WARN_ABOUT_RETURN_TYPE = YES_ERROR;
				GCC_WARN_UNDECLARED_SELECTOR = YES;
				GCC_WARN_UNINITIALIZED_AUTOS = YES_AGGRESSIVE;
				GCC_WARN_UNUSED_FUNCTION = YES;
				GCC_WARN_UNUSED_VARIABLE = YES;
				IPHONEOS_DEPLOYMENT_TARGET = 16.2;
				MTL_ENABLE_DEBUG_INFO = NO;
				MTL_FAST_MATH = YES;
				SDKROOT = iphoneos;
				SWIFT_COMPILATION_MODE = wholemodule;
				SWIFT_OPTIMIZATION_LEVEL = "-O";
				VALIDATE_PRODUCT = YES;
			};
			name = Release;
		};
		8333B4BC2A21880700EC3071 /* Debug */ = {
			isa = XCBuildConfiguration;
			buildSettings = {
				ASSETCATALOG_COMPILER_APPICON_NAME = AppIcon;
				ASSETCATALOG_COMPILER_GLOBAL_ACCENT_COLOR_NAME = AccentColor;
				CODE_SIGN_STYLE = Automatic;
				CURRENT_PROJECT_VERSION = 1;
				GENERATE_INFOPLIST_FILE = YES;
				INFOPLIST_FILE = IOS_TRabajo1/Info.plist;
				INFOPLIST_KEY_UIApplicationSupportsIndirectInputEvents = YES;
				INFOPLIST_KEY_UILaunchStoryboardName = LaunchScreen;
				INFOPLIST_KEY_UIMainStoryboardFile = Main;
				INFOPLIST_KEY_UISupportedInterfaceOrientations_iPad = "UIInterfaceOrientationPortrait UIInterfaceOrientationPortraitUpsideDown UIInterfaceOrientationLandscapeLeft UIInterfaceOrientationLandscapeRight";
				INFOPLIST_KEY_UISupportedInterfaceOrientations_iPhone = "UIInterfaceOrientationPortrait UIInterfaceOrientationLandscapeLeft UIInterfaceOrientationLandscapeRight";
				LD_RUNPATH_SEARCH_PATHS = (
					"$(inherited)",
					"@executable_path/Frameworks",
				);
				MARKETING_VERSION = 1.0;
				PRODUCT_BUNDLE_IDENTIFIER = "es.upsa.papps.IOS-TRabajo1";
				PRODUCT_NAME = "$(TARGET_NAME)";
				SWIFT_EMIT_LOC_STRINGS = YES;
				SWIFT_VERSION = 5.0;
				TARGETED_DEVICE_FAMILY = "1,2";
			};
			name = Debug;
		};
		8333B4BD2A21880700EC3071 /* Release */ = {
			isa = XCBuildConfiguration;
			buildSettings = {
				ASSETCATALOG_COMPILER_APPICON_NAME = AppIcon;
				ASSETCATALOG_COMPILER_GLOBAL_ACCENT_COLOR_NAME = AccentColor;
				CODE_SIGN_STYLE = Automatic;
				CURRENT_PROJECT_VERSION = 1;
				GENERATE_INFOPLIST_FILE = YES;
				INFOPLIST_FILE = IOS_TRabajo1/Info.plist;
				INFOPLIST_KEY_UIApplicationSupportsIndirectInputEvents = YES;
				INFOPLIST_KEY_UILaunchStoryboardName = LaunchScreen;
				INFOPLIST_KEY_UIMainStoryboardFile = Main;
				INFOPLIST_KEY_UISupportedInterfaceOrientations_iPad = "UIInterfaceOrientationPortrait UIInterfaceOrientationPortraitUpsideDown UIInterfaceOrientationLandscapeLeft UIInterfaceOrientationLandscapeRight";
				INFOPLIST_KEY_UISupportedInterfaceOrientations_iPhone = "UIInterfaceOrientationPortrait UIInterfaceOrientationLandscapeLeft UIInterfaceOrientationLandscapeRight";
				LD_RUNPATH_SEARCH_PATHS = (
					"$(inherited)",
					"@executable_path/Frameworks",
				);
				MARKETING_VERSION = 1.0;
				PRODUCT_BUNDLE_IDENTIFIER = "es.upsa.papps.IOS-TRabajo1";
				PRODUCT_NAME = "$(TARGET_NAME)";
				SWIFT_EMIT_LOC_STRINGS = YES;
				SWIFT_VERSION = 5.0;
				TARGETED_DEVICE_FAMILY = "1,2";
			};
			name = Release;
		};
/* End XCBuildConfiguration section */

/* Begin XCConfigurationList section */
		8333B4A22A21880400EC3071 /* Build configuration list for PBXProject "IOS_TRabajo1" */ = {
			isa = XCConfigurationList;
			buildConfigurations = (
				8333B4B92A21880700EC3071 /* Debug */,
				8333B4BA2A21880700EC3071 /* Release */,
			);
			defaultConfigurationIsVisible = 0;
			defaultConfigurationName = Release;
		};
		8333B4BB2A21880700EC3071 /* Build configuration list for PBXNativeTarget "IOS_TRabajo1" */ = {
			isa = XCConfigurationList;
			buildConfigurations = (
				8333B4BC2A21880700EC3071 /* Debug */,
				8333B4BD2A21880700EC3071 /* Release */,
			);
			defaultConfigurationIsVisible = 0;
			defaultConfigurationName = Release;
		};
/* End XCConfigurationList section */
	};
	rootObject = 8333B49F2A21880400EC3071 /* Project object */;
}
